Microsoft Visual Studio Solution File, Format Version 12.00
# Visual Studio Version 16
VisualStudioVersion = 16.0.29613.14
MinimumVisualStudioVersion = 10.0.40219.1
Project("{FAE04EC0-301F-11D3-BF4B-00C04F79EFBC}") = "Coordinates", "Coordinates\Coordinates.csproj", "{2197BAE8-1649-4ED9-843A-87F1DDDF8712}"
	ProjectSection(ProjectDependencies) = postProject
		{FC75B7CE-4EF4-4BE3-9097-BD2E026CCE33} = {FC75B7CE-4EF4-4BE3-9097-BD2E026CCE33}
	EndProjectSection
EndProject
Project("{FAE04EC0-301F-11D3-BF4B-00C04F79EFBC}") = "Geometries", "Geometries\Geometries.csproj", "{5C66097B-74C1-47C1-81D6-4AC91699AD94}"
	ProjectSection(ProjectDependencies) = postProject
		{FC75B7CE-4EF4-4BE3-9097-BD2E026CCE33} = {FC75B7CE-4EF4-4BE3-9097-BD2E026CCE33}
		{2197BAE8-1649-4ED9-843A-87F1DDDF8712} = {2197BAE8-1649-4ED9-843A-87F1DDDF8712}
	EndProjectSection
EndProject
Project("{FAE04EC0-301F-11D3-BF4B-00C04F79EFBC}") = "Resources", "Resources\Resources.csproj", "{504C7F9A-9005-4F57-ACDC-2118D6F9D7D6}"
EndProject
Project("{FAE04EC0-301F-11D3-BF4B-00C04F79EFBC}") = "Core", "Core\Core.csproj", "{FC75B7CE-4EF4-4BE3-9097-BD2E026CCE33}"
	ProjectSection(ProjectDependencies) = postProject
		{504C7F9A-9005-4F57-ACDC-2118D6F9D7D6} = {504C7F9A-9005-4F57-ACDC-2118D6F9D7D6}
	EndProjectSection
EndProject
Project("{2150E333-8FDC-42A3-9474-1A3956D46DE8}") = "Solution Items", "Solution Items", "{8B6265E7-389C-4A5F-9B56-EF1116E630C4}"
	ProjectSection(SolutionItems) = preProject
		Docs\iGeospatial2003.ndoc = Docs\iGeospatial2003.ndoc
	EndProjectSection
EndProject
Project("{FAE04EC0-301F-11D3-BF4B-00C04F79EFBC}") = "testGeos", "testGeos\testGeos.csproj", "{5B44C0B0-2FE9-4F8F-A356-E0C477AFC11E}"
EndProject
Project("{FAE04EC0-301F-11D3-BF4B-00C04F79EFBC}") = "GdalUtils", "GdalUtils\GdalUtils.csproj", "{6715F10B-E119-4A47-87AA-8B373498D956}"
EndProject
Project("{FAE04EC0-301F-11D3-BF4B-00C04F79EFBC}") = "testOpenCV", "testOpenCV\testOpenCV.csproj", "{92BCC5F2-C792-47D3-93D0-67621A6F2ED0}"
EndProject
Project("{FAE04EC0-301F-11D3-BF4B-00C04F79EFBC}") = "GdalUtilsOz", "GdalUtilsOz\GdalUtilsOz.csproj", "{A5C4D2A6-E3B0-459D-9D2C-30D938C5DA57}"
EndProject
Project("{FAE04EC0-301F-11D3-BF4B-00C04F79EFBC}") = "PackageR", "PackageR\PackageR.csproj", "{C3C84701-8465-4A3C-8311-C19D1F9D5A57}"
EndProject
Project("{9A19103F-16F7-4668-BE54-9A1E7A4F7556}") = "REngineAddon", "REngineAddon\REngineAddon.csproj", "{140EFB58-5F84-4FA5-A104-E32E2E01265C}"
EndProject
Project("{FAE04EC0-301F-11D3-BF4B-00C04F79EFBC}") = "GisForm", "GisForm\GisForm.csproj", "{63A219F2-6F94-4E7B-A2D4-5C72468006F4}"
EndProject
Project("{FAE04EC0-301F-11D3-BF4B-00C04F79EFBC}") = "UIExtent", "UIExtent\UIExtent.csproj", "{E97E98DB-854E-4B24-A29E-1421DA797FC1}"
EndProject
Project("{9A19103F-16F7-4668-BE54-9A1E7A4F7556}") = "TestGdalCoreRuntime", "TestGdalCoreRuntime\TestGdalCoreRuntime.csproj", "{0276C219-D635-4D98-A609-F2D29C71064E}"
EndProject
Global
	GlobalSection(SolutionConfigurationPlatforms) = preSolution
		Debug|Any CPU = Debug|Any CPU
		Debug|x64 = Debug|x64
		Debug|x86 = Debug|x86
		Documentations|Any CPU = Documentations|Any CPU
		Documentations|x64 = Documentations|x64
		Documentations|x86 = Documentations|x86
		Release|Any CPU = Release|Any CPU
		Release|x64 = Release|x64
		Release|x86 = Release|x86
	EndGlobalSection
	GlobalSection(ProjectConfigurationPlatforms) = postSolution
		{2197BAE8-1649-4ED9-843A-87F1DDDF8712}.Debug|Any CPU.ActiveCfg = Debug|Any CPU
		{2197BAE8-1649-4ED9-843A-87F1DDDF8712}.Debug|Any CPU.Build.0 = Debug|Any CPU
		{2197BAE8-1649-4ED9-843A-87F1DDDF8712}.Debug|x64.ActiveCfg = Debug|Any CPU
		{2197BAE8-1649-4ED9-843A-87F1DDDF8712}.Debug|x64.Build.0 = Debug|Any CPU
		{2197BAE8-1649-4ED9-843A-87F1DDDF8712}.Debug|x86.ActiveCfg = Debug|Any CPU
		{2197BAE8-1649-4ED9-843A-87F1DDDF8712}.Debug|x86.Build.0 = Debug|Any CPU
		{2197BAE8-1649-4ED9-843A-87F1DDDF8712}.Documentations|Any CPU.ActiveCfg = Documentations|Any CPU
		{2197BAE8-1649-4ED9-843A-87F1DDDF8712}.Documentations|Any CPU.Build.0 = Documentations|Any CPU
		{2197BAE8-1649-4ED9-843A-87F1DDDF8712}.Documentations|x64.ActiveCfg = Documentations|Any CPU
		{2197BAE8-1649-4ED9-843A-87F1DDDF8712}.Documentations|x64.Build.0 = Documentations|Any CPU
		{2197BAE8-1649-4ED9-843A-87F1DDDF8712}.Documentations|x86.ActiveCfg = Documentations|Any CPU
		{2197BAE8-1649-4ED9-843A-87F1DDDF8712}.Documentations|x86.Build.0 = Documentations|Any CPU
		{2197BAE8-1649-4ED9-843A-87F1DDDF8712}.Release|Any CPU.ActiveCfg = Release|Any CPU
		{2197BAE8-1649-4ED9-843A-87F1DDDF8712}.Release|Any CPU.Build.0 = Release|Any CPU
		{2197BAE8-1649-4ED9-843A-87F1DDDF8712}.Release|x64.ActiveCfg = Release|Any CPU
		{2197BAE8-1649-4ED9-843A-87F1DDDF8712}.Release|x64.Build.0 = Release|Any CPU
		{2197BAE8-1649-4ED9-843A-87F1DDDF8712}.Release|x86.ActiveCfg = Release|Any CPU
		{2197BAE8-1649-4ED9-843A-87F1DDDF8712}.Release|x86.Build.0 = Release|Any CPU
		{5C66097B-74C1-47C1-81D6-4AC91699AD94}.Debug|Any CPU.ActiveCfg = Debug|Any CPU
		{5C66097B-74C1-47C1-81D6-4AC91699AD94}.Debug|Any CPU.Build.0 = Debug|Any CPU
		{5C66097B-74C1-47C1-81D6-4AC91699AD94}.Debug|x64.ActiveCfg = Debug|Any CPU
		{5C66097B-74C1-47C1-81D6-4AC91699AD94}.Debug|x64.Build.0 = Debug|Any CPU
		{5C66097B-74C1-47C1-81D6-4AC91699AD94}.Debug|x86.ActiveCfg = Debug|Any CPU
		{5C66097B-74C1-47C1-81D6-4AC91699AD94}.Debug|x86.Build.0 = Debug|Any CPU
		{5C66097B-74C1-47C1-81D6-4AC91699AD94}.Documentations|Any CPU.ActiveCfg = Documentations|Any CPU
		{5C66097B-74C1-47C1-81D6-4AC91699AD94}.Documentations|Any CPU.Build.0 = Documentations|Any CPU
		{5C66097B-74C1-47C1-81D6-4AC91699AD94}.Documentations|x64.ActiveCfg = Documentations|Any CPU
		{5C66097B-74C1-47C1-81D6-4AC91699AD94}.Documentations|x64.Build.0 = Documentations|Any CPU
		{5C66097B-74C1-47C1-81D6-4AC91699AD94}.Documentations|x86.ActiveCfg = Documentations|Any CPU
		{5C66097B-74C1-47C1-81D6-4AC91699AD94}.Documentations|x86.Build.0 = Documentations|Any CPU
		{5C66097B-74C1-47C1-81D6-4AC91699AD94}.Release|Any CPU.ActiveCfg = Release|Any CPU
		{5C66097B-74C1-47C1-81D6-4AC91699AD94}.Release|Any CPU.Build.0 = Release|Any CPU
		{5C66097B-74C1-47C1-81D6-4AC91699AD94}.Release|x64.ActiveCfg = Release|Any CPU
		{5C66097B-74C1-47C1-81D6-4AC91699AD94}.Release|x64.Build.0 = Release|Any CPU
		{5C66097B-74C1-47C1-81D6-4AC91699AD94}.Release|x86.ActiveCfg = Release|Any CPU
		{5C66097B-74C1-47C1-81D6-4AC91699AD94}.Release|x86.Build.0 = Release|Any CPU
		{504C7F9A-9005-4F57-ACDC-2118D6F9D7D6}.Debug|Any CPU.ActiveCfg = Debug|Any CPU
		{504C7F9A-9005-4F57-ACDC-2118D6F9D7D6}.Debug|Any CPU.Build.0 = Debug|Any CPU
		{504C7F9A-9005-4F57-ACDC-2118D6F9D7D6}.Debug|x64.ActiveCfg = Debug|Any CPU
		{504C7F9A-9005-4F57-ACDC-2118D6F9D7D6}.Debug|x64.Build.0 = Debug|Any CPU
		{504C7F9A-9005-4F57-ACDC-2118D6F9D7D6}.Debug|x86.ActiveCfg = Debug|Any CPU
		{504C7F9A-9005-4F57-ACDC-2118D6F9D7D6}.Debug|x86.Build.0 = Debug|Any CPU
		{504C7F9A-9005-4F57-ACDC-2118D6F9D7D6}.Documentations|Any CPU.ActiveCfg = Documentations|Any CPU
		{504C7F9A-9005-4F57-ACDC-2118D6F9D7D6}.Documentations|Any CPU.Build.0 = Documentations|Any CPU
		{504C7F9A-9005-4F57-ACDC-2118D6F9D7D6}.Documentations|x64.ActiveCfg = Documentations|Any CPU
		{504C7F9A-9005-4F57-ACDC-2118D6F9D7D6}.Documentations|x64.Build.0 = Documentations|Any CPU
		{504C7F9A-9005-4F57-ACDC-2118D6F9D7D6}.Documentations|x86.ActiveCfg = Documentations|Any CPU
		{504C7F9A-9005-4F57-ACDC-2118D6F9D7D6}.Documentations|x86.Build.0 = Documentations|Any CPU
		{504C7F9A-9005-4F57-ACDC-2118D6F9D7D6}.Release|Any CPU.ActiveCfg = Release|Any CPU
		{504C7F9A-9005-4F57-ACDC-2118D6F9D7D6}.Release|Any CPU.Build.0 = Release|Any CPU
		{504C7F9A-9005-4F57-ACDC-2118D6F9D7D6}.Release|x64.ActiveCfg = Release|Any CPU
		{504C7F9A-9005-4F57-ACDC-2118D6F9D7D6}.Release|x64.Build.0 = Release|Any CPU
		{504C7F9A-9005-4F57-ACDC-2118D6F9D7D6}.Release|x86.ActiveCfg = Release|Any CPU
		{504C7F9A-9005-4F57-ACDC-2118D6F9D7D6}.Release|x86.Build.0 = Release|Any CPU
		{FC75B7CE-4EF4-4BE3-9097-BD2E026CCE33}.Debug|Any CPU.ActiveCfg = Debug|Any CPU
		{FC75B7CE-4EF4-4BE3-9097-BD2E026CCE33}.Debug|Any CPU.Build.0 = Debug|Any CPU
		{FC75B7CE-4EF4-4BE3-9097-BD2E026CCE33}.Debug|x64.ActiveCfg = Debug|Any CPU
		{FC75B7CE-4EF4-4BE3-9097-BD2E026CCE33}.Debug|x64.Build.0 = Debug|Any CPU
		{FC75B7CE-4EF4-4BE3-9097-BD2E026CCE33}.Debug|x86.ActiveCfg = Debug|Any CPU
		{FC75B7CE-4EF4-4BE3-9097-BD2E026CCE33}.Debug|x86.Build.0 = Debug|Any CPU
		{FC75B7CE-4EF4-4BE3-9097-BD2E026CCE33}.Documentations|Any CPU.ActiveCfg = Documentations|Any CPU
		{FC75B7CE-4EF4-4BE3-9097-BD2E026CCE33}.Documentations|Any CPU.Build.0 = Documentations|Any CPU
		{FC75B7CE-4EF4-4BE3-9097-BD2E026CCE33}.Documentations|x64.ActiveCfg = Documentations|Any CPU
		{FC75B7CE-4EF4-4BE3-9097-BD2E026CCE33}.Documentations|x64.Build.0 = Documentations|Any CPU
		{FC75B7CE-4EF4-4BE3-9097-BD2E026CCE33}.Documentations|x86.ActiveCfg = Documentations|Any CPU
		{FC75B7CE-4EF4-4BE3-9097-BD2E026CCE33}.Documentations|x86.Build.0 = Documentations|Any CPU
		{FC75B7CE-4EF4-4BE3-9097-BD2E026CCE33}.Release|Any CPU.ActiveCfg = Release|Any CPU
		{FC75B7CE-4EF4-4BE3-9097-BD2E026CCE33}.Release|Any CPU.Build.0 = Release|Any CPU
		{FC75B7CE-4EF4-4BE3-9097-BD2E026CCE33}.Release|x64.ActiveCfg = Release|Any CPU
		{FC75B7CE-4EF4-4BE3-9097-BD2E026CCE33}.Release|x64.Build.0 = Release|Any CPU
		{FC75B7CE-4EF4-4BE3-9097-BD2E026CCE33}.Release|x86.ActiveCfg = Release|Any CPU
		{FC75B7CE-4EF4-4BE3-9097-BD2E026CCE33}.Release|x86.Build.0 = Release|Any CPU
		{5B44C0B0-2FE9-4F8F-A356-E0C477AFC11E}.Debug|Any CPU.ActiveCfg = Debug|Any CPU
		{5B44C0B0-2FE9-4F8F-A356-E0C477AFC11E}.Debug|Any CPU.Build.0 = Debug|Any CPU
		{5B44C0B0-2FE9-4F8F-A356-E0C477AFC11E}.Debug|x64.ActiveCfg = Debug|x64
		{5B44C0B0-2FE9-4F8F-A356-E0C477AFC11E}.Debug|x64.Build.0 = Debug|x64
		{5B44C0B0-2FE9-4F8F-A356-E0C477AFC11E}.Debug|x86.ActiveCfg = Debug|x86
		{5B44C0B0-2FE9-4F8F-A356-E0C477AFC11E}.Debug|x86.Build.0 = Debug|x86
		{5B44C0B0-2FE9-4F8F-A356-E0C477AFC11E}.Documentations|Any CPU.ActiveCfg = Debug|Any CPU
		{5B44C0B0-2FE9-4F8F-A356-E0C477AFC11E}.Documentations|Any CPU.Build.0 = Debug|Any CPU
		{5B44C0B0-2FE9-4F8F-A356-E0C477AFC11E}.Documentations|x64.ActiveCfg = Debug|x64
		{5B44C0B0-2FE9-4F8F-A356-E0C477AFC11E}.Documentations|x64.Build.0 = Debug|x64
		{5B44C0B0-2FE9-4F8F-A356-E0C477AFC11E}.Documentations|x86.ActiveCfg = Debug|x86
		{5B44C0B0-2FE9-4F8F-A356-E0C477AFC11E}.Documentations|x86.Build.0 = Debug|x86
		{5B44C0B0-2FE9-4F8F-A356-E0C477AFC11E}.Release|Any CPU.ActiveCfg = Release|Any CPU
		{5B44C0B0-2FE9-4F8F-A356-E0C477AFC11E}.Release|Any CPU.Build.0 = Release|Any CPU
		{5B44C0B0-2FE9-4F8F-A356-E0C477AFC11E}.Release|x64.ActiveCfg = Release|x64
		{5B44C0B0-2FE9-4F8F-A356-E0C477AFC11E}.Release|x64.Build.0 = Release|x64
		{5B44C0B0-2FE9-4F8F-A356-E0C477AFC11E}.Release|x86.ActiveCfg = Release|x86
		{5B44C0B0-2FE9-4F8F-A356-E0C477AFC11E}.Release|x86.Build.0 = Release|x86
		{6715F10B-E119-4A47-87AA-8B373498D956}.Debug|Any CPU.ActiveCfg = Debug|Any CPU
		{6715F10B-E119-4A47-87AA-8B373498D956}.Debug|Any CPU.Build.0 = Debug|Any CPU
		{6715F10B-E119-4A47-87AA-8B373498D956}.Debug|x64.ActiveCfg = Debug|Any CPU
		{6715F10B-E119-4A47-87AA-8B373498D956}.Debug|x64.Build.0 = Debug|Any CPU
		{6715F10B-E119-4A47-87AA-8B373498D956}.Debug|x86.ActiveCfg = Debug|Any CPU
		{6715F10B-E119-4A47-87AA-8B373498D956}.Debug|x86.Build.0 = Debug|Any CPU
		{6715F10B-E119-4A47-87AA-8B373498D956}.Documentations|Any CPU.ActiveCfg = Debug|Any CPU
		{6715F10B-E119-4A47-87AA-8B373498D956}.Documentations|Any CPU.Build.0 = Debug|Any CPU
		{6715F10B-E119-4A47-87AA-8B373498D956}.Documentations|x64.ActiveCfg = Debug|Any CPU
		{6715F10B-E119-4A47-87AA-8B373498D956}.Documentations|x64.Build.0 = Debug|Any CPU
		{6715F10B-E119-4A47-87AA-8B373498D956}.Documentations|x86.ActiveCfg = Debug|Any CPU
		{6715F10B-E119-4A47-87AA-8B373498D956}.Documentations|x86.Build.0 = Debug|Any CPU
		{6715F10B-E119-4A47-87AA-8B373498D956}.Release|Any CPU.ActiveCfg = Release|Any CPU
		{6715F10B-E119-4A47-87AA-8B373498D956}.Release|Any CPU.Build.0 = Release|Any CPU
		{6715F10B-E119-4A47-87AA-8B373498D956}.Release|x64.ActiveCfg = Release|Any CPU
		{6715F10B-E119-4A47-87AA-8B373498D956}.Release|x64.Build.0 = Release|Any CPU
		{6715F10B-E119-4A47-87AA-8B373498D956}.Release|x86.ActiveCfg = Release|Any CPU
		{6715F10B-E119-4A47-87AA-8B373498D956}.Release|x86.Build.0 = Release|Any CPU
		{92BCC5F2-C792-47D3-93D0-67621A6F2ED0}.Debug|Any CPU.ActiveCfg = Debug|Any CPU
		{92BCC5F2-C792-47D3-93D0-67621A6F2ED0}.Debug|Any CPU.Build.0 = Debug|Any CPU
		{92BCC5F2-C792-47D3-93D0-67621A6F2ED0}.Debug|x64.ActiveCfg = Debug|Any CPU
		{92BCC5F2-C792-47D3-93D0-67621A6F2ED0}.Debug|x64.Build.0 = Debug|Any CPU
		{92BCC5F2-C792-47D3-93D0-67621A6F2ED0}.Debug|x86.ActiveCfg = Debug|Any CPU
		{92BCC5F2-C792-47D3-93D0-67621A6F2ED0}.Debug|x86.Build.0 = Debug|Any CPU
		{92BCC5F2-C792-47D3-93D0-67621A6F2ED0}.Documentations|Any CPU.ActiveCfg = Debug|Any CPU
		{92BCC5F2-C792-47D3-93D0-67621A6F2ED0}.Documentations|Any CPU.Build.0 = Debug|Any CPU
		{92BCC5F2-C792-47D3-93D0-67621A6F2ED0}.Documentations|x64.ActiveCfg = Debug|Any CPU
		{92BCC5F2-C792-47D3-93D0-67621A6F2ED0}.Documentations|x64.Build.0 = Debug|Any CPU
		{92BCC5F2-C792-47D3-93D0-67621A6F2ED0}.Documentations|x86.ActiveCfg = Debug|Any CPU
		{92BCC5F2-C792-47D3-93D0-67621A6F2ED0}.Documentations|x86.Build.0 = Debug|Any CPU
		{92BCC5F2-C792-47D3-93D0-67621A6F2ED0}.Release|Any CPU.ActiveCfg = Release|Any CPU
		{92BCC5F2-C792-47D3-93D0-67621A6F2ED0}.Release|Any CPU.Build.0 = Release|Any CPU
		{92BCC5F2-C792-47D3-93D0-67621A6F2ED0}.Release|x64.ActiveCfg = Release|Any CPU
		{92BCC5F2-C792-47D3-93D0-67621A6F2ED0}.Release|x64.Build.0 = Release|Any CPU
		{92BCC5F2-C792-47D3-93D0-67621A6F2ED0}.Release|x86.ActiveCfg = Release|Any CPU
		{92BCC5F2-C792-47D3-93D0-67621A6F2ED0}.Release|x86.Build.0 = Release|Any CPU
		{A5C4D2A6-E3B0-459D-9D2C-30D938C5DA57}.Debug|Any CPU.ActiveCfg = Debug|Any CPU
		{A5C4D2A6-E3B0-459D-9D2C-30D938C5DA57}.Debug|Any CPU.Build.0 = Debug|Any CPU
		{A5C4D2A6-E3B0-459D-9D2C-30D938C5DA57}.Debug|x64.ActiveCfg = Debug|Any CPU
		{A5C4D2A6-E3B0-459D-9D2C-30D938C5DA57}.Debug|x64.Build.0 = Debug|Any CPU
		{A5C4D2A6-E3B0-459D-9D2C-30D938C5DA57}.Debug|x86.ActiveCfg = Debug|Any CPU
		{A5C4D2A6-E3B0-459D-9D2C-30D938C5DA57}.Debug|x86.Build.0 = Debug|Any CPU
		{A5C4D2A6-E3B0-459D-9D2C-30D938C5DA57}.Documentations|Any CPU.ActiveCfg = Debug|Any CPU
		{A5C4D2A6-E3B0-459D-9D2C-30D938C5DA57}.Documentations|Any CPU.Build.0 = Debug|Any CPU
		{A5C4D2A6-E3B0-459D-9D2C-30D938C5DA57}.Documentations|x64.ActiveCfg = Debug|Any CPU
		{A5C4D2A6-E3B0-459D-9D2C-30D938C5DA57}.Documentations|x64.Build.0 = Debug|Any CPU
		{A5C4D2A6-E3B0-459D-9D2C-30D938C5DA57}.Documentations|x86.ActiveCfg = Debug|Any CPU
		{A5C4D2A6-E3B0-459D-9D2C-30D938C5DA57}.Documentations|x86.Build.0 = Debug|Any CPU
		{A5C4D2A6-E3B0-459D-9D2C-30D938C5DA57}.Release|Any CPU.ActiveCfg = Release|Any CPU
		{A5C4D2A6-E3B0-459D-9D2C-30D938C5DA57}.Release|Any CPU.Build.0 = Release|Any CPU
		{A5C4D2A6-E3B0-459D-9D2C-30D938C5DA57}.Release|x64.ActiveCfg = Release|Any CPU
		{A5C4D2A6-E3B0-459D-9D2C-30D938C5DA57}.Release|x64.Build.0 = Release|Any CPU
		{A5C4D2A6-E3B0-459D-9D2C-30D938C5DA57}.Release|x86.ActiveCfg = Release|Any CPU
		{A5C4D2A6-E3B0-459D-9D2C-30D938C5DA57}.Release|x86.Build.0 = Release|Any CPU
		{C3C84701-8465-4A3C-8311-C19D1F9D5A57}.Debug|Any CPU.ActiveCfg = Debug|Any CPU
		{C3C84701-8465-4A3C-8311-C19D1F9D5A57}.Debug|Any CPU.Build.0 = Debug|Any CPU
		{C3C84701-8465-4A3C-8311-C19D1F9D5A57}.Debug|x64.ActiveCfg = Debug|Any CPU
		{C3C84701-8465-4A3C-8311-C19D1F9D5A57}.Debug|x64.Build.0 = Debug|Any CPU
		{C3C84701-8465-4A3C-8311-C19D1F9D5A57}.Debug|x86.ActiveCfg = Debug|Any CPU
		{C3C84701-8465-4A3C-8311-C19D1F9D5A57}.Debug|x86.Build.0 = Debug|Any CPU
		{C3C84701-8465-4A3C-8311-C19D1F9D5A57}.Documentations|Any CPU.ActiveCfg = Debug|Any CPU
		{C3C84701-8465-4A3C-8311-C19D1F9D5A57}.Documentations|Any CPU.Build.0 = Debug|Any CPU
		{C3C84701-8465-4A3C-8311-C19D1F9D5A57}.Documentations|x64.ActiveCfg = Debug|Any CPU
		{C3C84701-8465-4A3C-8311-C19D1F9D5A57}.Documentations|x64.Build.0 = Debug|Any CPU
		{C3C84701-8465-4A3C-8311-C19D1F9D5A57}.Documentations|x86.ActiveCfg = Debug|Any CPU
		{C3C84701-8465-4A3C-8311-C19D1F9D5A57}.Documentations|x86.Build.0 = Debug|Any CPU
		{C3C84701-8465-4A3C-8311-C19D1F9D5A57}.Release|Any CPU.ActiveCfg = Release|Any CPU
		{C3C84701-8465-4A3C-8311-C19D1F9D5A57}.Release|Any CPU.Build.0 = Release|Any CPU
		{C3C84701-8465-4A3C-8311-C19D1F9D5A57}.Release|x64.ActiveCfg = Release|Any CPU
		{C3C84701-8465-4A3C-8311-C19D1F9D5A57}.Release|x64.Build.0 = Release|Any CPU
		{C3C84701-8465-4A3C-8311-C19D1F9D5A57}.Release|x86.ActiveCfg = Release|Any CPU
		{C3C84701-8465-4A3C-8311-C19D1F9D5A57}.Release|x86.Build.0 = Release|Any CPU
		{140EFB58-5F84-4FA5-A104-E32E2E01265C}.Debug|Any CPU.ActiveCfg = Debug|Any CPU
		{140EFB58-5F84-4FA5-A104-E32E2E01265C}.Debug|Any CPU.Build.0 = Debug|Any CPU
		{140EFB58-5F84-4FA5-A104-E32E2E01265C}.Debug|x64.ActiveCfg = Debug|Any CPU
		{140EFB58-5F84-4FA5-A104-E32E2E01265C}.Debug|x64.Build.0 = Debug|Any CPU
		{140EFB58-5F84-4FA5-A104-E32E2E01265C}.Debug|x86.ActiveCfg = Debug|Any CPU
		{140EFB58-5F84-4FA5-A104-E32E2E01265C}.Debug|x86.Build.0 = Debug|Any CPU
		{140EFB58-5F84-4FA5-A104-E32E2E01265C}.Documentations|Any CPU.ActiveCfg = Debug|Any CPU
		{140EFB58-5F84-4FA5-A104-E32E2E01265C}.Documentations|Any CPU.Build.0 = Debug|Any CPU
		{140EFB58-5F84-4FA5-A104-E32E2E01265C}.Documentations|x64.ActiveCfg = Debug|Any CPU
		{140EFB58-5F84-4FA5-A104-E32E2E01265C}.Documentations|x64.Build.0 = Debug|Any CPU
		{140EFB58-5F84-4FA5-A104-E32E2E01265C}.Documentations|x86.ActiveCfg = Debug|Any CPU
		{140EFB58-5F84-4FA5-A104-E32E2E01265C}.Documentations|x86.Build.0 = Debug|Any CPU
		{140EFB58-5F84-4FA5-A104-E32E2E01265C}.Release|Any CPU.ActiveCfg = Release|Any CPU
		{140EFB58-5F84-4FA5-A104-E32E2E01265C}.Release|Any CPU.Build.0 = Release|Any CPU
		{140EFB58-5F84-4FA5-A104-E32E2E01265C}.Release|x64.ActiveCfg = Release|Any CPU
		{140EFB58-5F84-4FA5-A104-E32E2E01265C}.Release|x64.Build.0 = Release|Any CPU
		{140EFB58-5F84-4FA5-A104-E32E2E01265C}.Release|x86.ActiveCfg = Release|Any CPU
		{140EFB58-5F84-4FA5-A104-E32E2E01265C}.Release|x86.Build.0 = Release|Any CPU
		{63A219F2-6F94-4E7B-A2D4-5C72468006F4}.Debug|Any CPU.ActiveCfg = Debug|Any CPU
		{63A219F2-6F94-4E7B-A2D4-5C72468006F4}.Debug|Any CPU.Build.0 = Debug|Any CPU
		{63A219F2-6F94-4E7B-A2D4-5C72468006F4}.Debug|x64.ActiveCfg = Debug|Any CPU
		{63A219F2-6F94-4E7B-A2D4-5C72468006F4}.Debug|x64.Build.0 = Debug|Any CPU
		{63A219F2-6F94-4E7B-A2D4-5C72468006F4}.Debug|x86.ActiveCfg = Debug|Any CPU
		{63A219F2-6F94-4E7B-A2D4-5C72468006F4}.Debug|x86.Build.0 = Debug|Any CPU
		{63A219F2-6F94-4E7B-A2D4-5C72468006F4}.Documentations|Any CPU.ActiveCfg = Debug|Any CPU
		{63A219F2-6F94-4E7B-A2D4-5C72468006F4}.Documentations|Any CPU.Build.0 = Debug|Any CPU
		{63A219F2-6F94-4E7B-A2D4-5C72468006F4}.Documentations|x64.ActiveCfg = Debug|Any CPU
		{63A219F2-6F94-4E7B-A2D4-5C72468006F4}.Documentations|x64.Build.0 = Debug|Any CPU
		{63A219F2-6F94-4E7B-A2D4-5C72468006F4}.Documentations|x86.ActiveCfg = Debug|Any CPU
		{63A219F2-6F94-4E7B-A2D4-5C72468006F4}.Documentations|x86.Build.0 = Debug|Any CPU
		{63A219F2-6F94-4E7B-A2D4-5C72468006F4}.Release|Any CPU.ActiveCfg = Release|Any CPU
		{63A219F2-6F94-4E7B-A2D4-5C72468006F4}.Release|Any CPU.Build.0 = Release|Any CPU
		{63A219F2-6F94-4E7B-A2D4-5C72468006F4}.Release|x64.ActiveCfg = Release|Any CPU
		{63A219F2-6F94-4E7B-A2D4-5C72468006F4}.Release|x64.Build.0 = Release|Any CPU
		{63A219F2-6F94-4E7B-A2D4-5C72468006F4}.Release|x86.ActiveCfg = Release|Any CPU
		{63A219F2-6F94-4E7B-A2D4-5C72468006F4}.Release|x86.Build.0 = Release|Any CPU
		{E97E98DB-854E-4B24-A29E-1421DA797FC1}.Debug|Any CPU.ActiveCfg = Debug|Any CPU
		{E97E98DB-854E-4B24-A29E-1421DA797FC1}.Debug|Any CPU.Build.0 = Debug|Any CPU
		{E97E98DB-854E-4B24-A29E-1421DA797FC1}.Debug|x64.ActiveCfg = Debug|Any CPU
		{E97E98DB-854E-4B24-A29E-1421DA797FC1}.Debug|x64.Build.0 = Debug|Any CPU
		{E97E98DB-854E-4B24-A29E-1421DA797FC1}.Debug|x86.ActiveCfg = Debug|Any CPU
		{E97E98DB-854E-4B24-A29E-1421DA797FC1}.Debug|x86.Build.0 = Debug|Any CPU
		{E97E98DB-854E-4B24-A29E-1421DA797FC1}.Documentations|Any CPU.ActiveCfg = Debug|Any CPU
		{E97E98DB-854E-4B24-A29E-1421DA797FC1}.Documentations|Any CPU.Build.0 = Debug|Any CPU
		{E97E98DB-854E-4B24-A29E-1421DA797FC1}.Documentations|x64.ActiveCfg = Debug|Any CPU
		{E97E98DB-854E-4B24-A29E-1421DA797FC1}.Documentations|x64.Build.0 = Debug|Any CPU
		{E97E98DB-854E-4B24-A29E-1421DA797FC1}.Documentations|x86.ActiveCfg = Debug|Any CPU
		{E97E98DB-854E-4B24-A29E-1421DA797FC1}.Documentations|x86.Build.0 = Debug|Any CPU
		{E97E98DB-854E-4B24-A29E-1421DA797FC1}.Release|Any CPU.ActiveCfg = Release|Any CPU
		{E97E98DB-854E-4B24-A29E-1421DA797FC1}.Release|Any CPU.Build.0 = Release|Any CPU
		{E97E98DB-854E-4B24-A29E-1421DA797FC1}.Release|x64.ActiveCfg = Release|Any CPU
		{E97E98DB-854E-4B24-A29E-1421DA797FC1}.Release|x64.Build.0 = Release|Any CPU
		{E97E98DB-854E-4B24-A29E-1421DA797FC1}.Release|x86.ActiveCfg = Release|Any CPU
		{E97E98DB-854E-4B24-A29E-1421DA797FC1}.Release|x86.Build.0 = Release|Any CPU
		{0276C219-D635-4D98-A609-F2D29C71064E}.Debug|Any CPU.ActiveCfg = Debug|Any CPU
		{0276C219-D635-4D98-A609-F2D29C71064E}.Debug|Any CPU.Build.0 = Debug|Any CPU
		{0276C219-D635-4D98-A609-F2D29C71064E}.Debug|x64.ActiveCfg = Debug|Any CPU
		{0276C219-D635-4D98-A609-F2D29C71064E}.Debug|x64.Build.0 = Debug|Any CPU
		{0276C219-D635-4D98-A609-F2D29C71064E}.Debug|x86.ActiveCfg = Debug|Any CPU
		{0276C219-D635-4D98-A609-F2D29C71064E}.Debug|x86.Build.0 = Debug|Any CPU
		{0276C219-D635-4D98-A609-F2D29C71064E}.Documentations|Any CPU.ActiveCfg = Debug|Any CPU
		{0276C219-D635-4D98-A609-F2D29C71064E}.Documentations|Any CPU.Build.0 = Debug|Any CPU
		{0276C219-D635-4D98-A609-F2D29C71064E}.Documentations|x64.ActiveCfg = Debug|Any CPU
		{0276C219-D635-4D98-A609-F2D29C71064E}.Documentations|x64.Build.0 = Debug|Any CPU
		{0276C219-D635-4D98-A609-F2D29C71064E}.Documentations|x86.ActiveCfg = Debug|Any CPU
		{0276C219-D635-4D98-A609-F2D29C71064E}.Documentations|x86.Build.0 = Debug|Any CPU
		{0276C219-D635-4D98-A609-F2D29C71064E}.Release|Any CPU.ActiveCfg = Release|Any CPU
		{0276C219-D635-4D98-A609-F2D29C71064E}.Release|Any CPU.Build.0 = Release|Any CPU
		{0276C219-D635-4D98-A609-F2D29C71064E}.Release|x64.ActiveCfg = Release|Any CPU
		{0276C219-D635-4D98-A609-F2D29C71064E}.Release|x64.Build.0 = Release|Any CPU
		{0276C219-D635-4D98-A609-F2D29C71064E}.Release|x86.ActiveCfg = Release|Any CPU
		{0276C219-D635-4D98-A609-F2D29C71064E}.Release|x86.Build.0 = Release|Any CPU
	EndGlobalSection
	GlobalSection(SolutionProperties) = preSolution
		HideSolutionNode = FALSE
	EndGlobalSection
	GlobalSection(ExtensibilityGlobals) = postSolution
		SolutionGuid = {7BE8D2EF-FB51-4FB6-8746-D764CEA03353}
	EndGlobalSection
EndGlobal
